// !$*UTF8*$!
{
	archiveVersion = 1;
	classes = {
	};
	objectVersion = 77;
	objects = {

/* Begin PBXBuildFile section */
		EDB5B7012F4E200700BB4D1B /* WhisperKit in Frameworks */ = {isa = PBXBuildFile; productRef = EDB5B7002F4E200700BB4D1B /* WhisperKit */; };
		EDB5B7042F4E20DD00BB4D1B /* GRDB in Frameworks */ = {isa = PBXBuildFile; productRef = EDB5B7032F4E20DD00BB4D1B /* GRDB */; };
		EDB5B70C2F4E21D300BB4D1B /* Sparkle in Frameworks */ = {isa = PBXBuildFile; productRef = EDB5B70B2F4E21D300BB4D1B /* Sparkle */; };
/* End PBXBuildFile section */

/* Begin PBXContainerItemProxy section */
		ED00AA062F4F000000CC0006 /* PBXContainerItemProxy */ = {
			isa = PBXContainerItemProxy;
			containerPortal = EDAB1C7B2F4E1C3B00E62C1C /* Project object */;
			proxyType = 1;
			remoteGlobalIDString = EDAB1C822F4E1C3B00E62C1C;
			remoteInfo = MeetNotes;
		};
/* End PBXContainerItemProxy section */

/* Begin PBXFileReference section */
		ED00AA012F4F000000CC0001 /* MeetNotesTests.xctest */ = {isa = PBXFileReference; explicitFileType = wrapper.cfbundle; includeInIndex = 0; path = MeetNotesTests.xctest; sourceTree = BUILT_PRODUCTS_DIR; };
		EDAB1C832F4E1C3B00E62C1C /* MeetNotes.app */ = {isa = PBXFileReference; explicitFileType = wrapper.application; includeInIndex = 0; path = MeetNotes.app; sourceTree = BUILT_PRODUCTS_DIR; };
/* End PBXFileReference section */

/* Begin PBXFileSystemSynchronizedRootGroup section */
		ED00AA022F4F000000CC0002 /* MeetNotesTests */ = {
			isa = PBXFileSystemSynchronizedRootGroup;
			path = MeetNotesTests;
			sourceTree = "<group>";
		};
		EDAB1C852F4E1C3B00E62C1C /* MeetNotes */ = {
			isa = PBXFileSystemSynchronizedRootGroup;
			path = MeetNotes;
			sourceTree = "<group>";
		};
/* End PBXFileSystemSynchronizedRootGroup section */

/* Begin PBXFrameworksBuildPhase section */
		ED00AA042F4F000000CC0004 /* Frameworks */ = {
			isa = PBXFrameworksBuildPhase;
			buildActionMask = 2147483647;
			files = (
			);
			runOnlyForDeploymentPostprocessing = 0;
		};
		EDAB1C802F4E1C3B00E62C1C /* Frameworks */ = {
			isa = PBXFrameworksBuildPhase;
			buildActionMask = 2147483647;
			files = (
				EDB5B70C2F4E21D300BB4D1B /* Sparkle in Frameworks */,
				EDB5B7012F4E200700BB4D1B /* WhisperKit in Frameworks */,
				EDB5B7042F4E20DD00BB4D1B /* GRDB in Frameworks */,
			);
			runOnlyForDeploymentPostprocessing = 0;
		};
/* End PBXFrameworksBuildPhase section */

/* Begin PBXGroup section */
		EDAB1C7A2F4E1C3B00E62C1C = {
			isa = PBXGroup;
			children = (
				EDAB1C852F4E1C3B00E62C1C /* MeetNotes */,
				ED00AA022F4F000000CC0002 /* MeetNotesTests */,
				EDAB1C842F4E1C3B00E62C1C /* Products */,
			);
			sourceTree = "<group>";
		};
		EDAB1C842F4E1C3B00E62C1C /* Products */ = {
			isa = PBXGroup;
			children = (
				EDAB1C832F4E1C3B00E62C1C /* MeetNotes.app */,
				ED00AA012F4F000000CC0001 /* MeetNotesTests.xctest */,
			);
			name = Products;
			sourceTree = "<group>";
		};
/* End PBXGroup section */

/* Begin PBXNativeTarget section */
		ED00AA082F4F000000CC0008 /* MeetNotesTests */ = {
			isa = PBXNativeTarget;
			buildConfigurationList = ED00AA0B2F4F000000CC000B /* Build configuration list for PBXNativeTarget "MeetNotesTests" */;
			buildPhases = (
				ED00AA032F4F000000CC0003 /* Sources */,
				ED00AA042F4F000000CC0004 /* Frameworks */,
				ED00AA052F4F000000CC0005 /* Resources */,
			);
			buildRules = (
			);
			dependencies = (
				ED00AA072F4F000000CC0007 /* PBXTargetDependency */,
			);
			fileSystemSynchronizedGroups = (
				ED00AA022F4F000000CC0002 /* MeetNotesTests */,
			);
			name = MeetNotesTests;
			productName = MeetNotesTests;
			productReference = ED00AA012F4F000000CC0001 /* MeetNotesTests.xctest */;
			productType = "com.apple.product-type.bundle.unit-test";
		};
		EDAB1C822F4E1C3B00E62C1C /* MeetNotes */ = {
			isa = PBXNativeTarget;
			buildConfigurationList = EDAB1C8E2F4E1C3D00E62C1C /* Build configuration list for PBXNativeTarget "MeetNotes" */;
			buildPhases = (
				EDAB1C7F2F4E1C3B00E62C1C /* Sources */,
				EDAB1C802F4E1C3B00E62C1C /* Frameworks */,
				EDAB1C812F4E1C3B00E62C1C /* Resources */,
			);
			buildRules = (
			);
			dependencies = (
			);
			fileSystemSynchronizedGroups = (
				EDAB1C852F4E1C3B00E62C1C /* MeetNotes */,
			);
			name = MeetNotes;
			packageProductDependencies = (
				EDB5B7002F4E200700BB4D1B /* WhisperKit */,
				EDB5B7032F4E20DD00BB4D1B /* GRDB */,
				EDB5B70B2F4E21D300BB4D1B /* Sparkle */,
			);
			productName = MeetNotes;
			productReference = EDAB1C832F4E1C3B00E62C1C /* MeetNotes.app */;
			productType = "com.apple.product-type.application";
		};
/* End PBXNativeTarget section */

/* Begin PBXProject section */
		EDAB1C7B2F4E1C3B00E62C1C /* Project object */ = {
			isa = PBXProject;
			attributes = {
				BuildIndependentTargetsInParallel = 1;
				LastSwiftUpdateCheck = 2620;
				LastUpgradeCheck = 2620;
				TargetAttributes = {
					ED00AA082F4F000000CC0008 = {
						CreatedOnToolsVersion = 26.2;
						TestTargetID = EDAB1C822F4E1C3B00E62C1C;
					};
					EDAB1C822F4E1C3B00E62C1C = {
						CreatedOnToolsVersion = 26.2;
					};
				};
			};
			buildConfigurationList = EDAB1C7E2F4E1C3B00E62C1C /* Build configuration list for PBXProject "MeetNotes" */;
			developmentRegion = en;
			hasScannedForEncodings = 0;
			knownRegions = (
				en,
				Base,
			);
			mainGroup = EDAB1C7A2F4E1C3B00E62C1C;
			minimizedProjectReferenceProxies = 1;
			packageReferences = (
				EDB5B6FF2F4E200700BB4D1B /* XCRemoteSwiftPackageReference "WhisperKit" */,
				EDB5B7022F4E20DD00BB4D1B /* XCRemoteSwiftPackageReference "GRDB" */,
				EDB5B70A2F4E21D300BB4D1B /* XCRemoteSwiftPackageReference "Sparkle" */,
				ED2153AF2F4E26ED00CB69A0 /* XCRemoteSwiftPackageReference "SwiftLint" */,
				ED0011012F4E300000BB0001 /* XCRemoteSwiftPackageReference "OllamaKit" */,
			);
			preferredProjectObjectVersion = 77;
			productRefGroup = EDAB1C842F4E1C3B00E62C1C /* Products */;
			projectDirPath = "";
			projectRoot = "";
			targets = (
				EDAB1C822F4E1C3B00E62C1C /* MeetNotes */,
				ED00AA082F4F000000CC0008 /* MeetNotesTests */,
			);
		};
/* End PBXProject section */

/* Begin PBXResourcesBuildPhase section */
		ED00AA052F4F000000CC0005 /* Resources */ = {
			isa = PBXResourcesBuildPhase;
			buildActionMask = 2147483647;
			files = (
			);
			runOnlyForDeploymentPostprocessing = 0;
		};
		EDAB1C812F4E1C3B00E62C1C /* Resources */ = {
			isa = PBXResourcesBuildPhase;
			buildActionMask = 2147483647;
			files = (
			);
			runOnlyForDeploymentPostprocessing = 0;
		};
/* End PBXResourcesBuildPhase section */

/* Begin PBXSourcesBuildPhase section */
		ED00AA032F4F000000CC0003 /* Sources */ = {
			isa = PBXSourcesBuildPhase;
			buildActionMask = 2147483647;
			files = (
			);
			runOnlyForDeploymentPostprocessing = 0;
		};
		EDAB1C7F2F4E1C3B00E62C1C /* Sources */ = {
			isa = PBXSourcesBuildPhase;
			buildActionMask = 2147483647;
			files = (
			);
			runOnlyForDeploymentPostprocessing = 0;
		};
/* End PBXSourcesBuildPhase section */

/* Begin PBXTargetDependency section */
		ED00AA072F4F000000CC0007 /* PBXTargetDependency */ = {
			isa = PBXTargetDependency;
			target = EDAB1C822F4E1C3B00E62C1C /* MeetNotes */;
			targetProxy = ED00AA062F4F000000CC0006 /* PBXContainerItemProxy */;
		};
/* End PBXTargetDependency section */

/* Begin XCBuildConfiguration section */
		ED00AA092F4F000000CC0009 /* Debug */ = {
			isa = XCBuildConfiguration;
			buildSettings = {
				BUNDLE_LOADER = "$(TEST_HOST)";
				CODE_SIGN_STYLE = Automatic;
				CURRENT_PROJECT_VERSION = 1;
				GENERATE_INFOPLIST_FILE = YES;
				MACOSX_DEPLOYMENT_TARGET = 14.2;
				MARKETING_VERSION = 0.1.0;
				PRODUCT_BUNDLE_IDENTIFIER = bumeran.dev.MeetNotesTests;
				PRODUCT_NAME = "$(TARGET_NAME)";
				SWIFT_APPROACHABLE_CONCURRENCY = YES;
				SWIFT_DEFAULT_ACTOR_ISOLATION = MainActor;
				SWIFT_EMIT_LOC_STRINGS = NO;
				SWIFT_STRICT_CONCURRENCY = complete;
				SWIFT_VERSION = 6.0;
				TEST_HOST = "$(BUILT_PRODUCTS_DIR)/MeetNotes.app/$(BUNDLE_EXECUTABLE_FOLDER_PATH)/MeetNotes";
			};
			name = Debug;
		};
		ED00AA0A2F4F000000CC000A /* Release */ = {
			isa = XCBuildConfiguration;
			buildSettings = {
				BUNDLE_LOADER = "$(TEST_HOST)";
				CODE_SIGN_STYLE = Automatic;
				CURRENT_PROJECT_VERSION = 1;
				GENERATE_INFOPLIST_FILE = YES;
				MACOSX_DEPLOYMENT_TARGET = 14.2;
				MARKETING_VERSION = 0.1.0;
				PRODUCT_BUNDLE_IDENTIFIER = bumeran.dev.MeetNotesTests;
				PRODUCT_NAME = "$(TARGET_NAME)";
				SWIFT_APPROACHABLE_CONCURRENCY = YES;
				SWIFT_DEFAULT_ACTOR_ISOLATION = MainActor;
				SWIFT_EMIT_LOC_STRINGS = NO;
				SWIFT_STRICT_CONCURRENCY = complete;
				SWIFT_VERSION = 6.0;
				TEST_HOST = "$(BUILT_PRODUCTS_DIR)/MeetNotes.app/$(BUNDLE_EXECUTABLE_FOLDER_PATH)/MeetNotes";
			};
			name = Release;
		};
		EDAB1C8C2F4E1C3D00E62C1C /* Debug */ = {
			isa = XCBuildConfiguration;
			buildSettings = {
				ALWAYS_SEARCH_USER_PATHS = NO;
				ASSETCATALOG_COMPILER_GENERATE_SWIFT_ASSET_SYMBOL_EXTENSIONS = YES;
				CLANG_ANALYZER_NONNULL = YES;
				CLANG_ANALYZER_NUMBER_OBJECT_CONVERSION = YES_AGGRESSIVE;
				CLANG_CXX_LANGUAGE_STANDARD = "gnu++20";
				CLANG_ENABLE_MODULES = YES;
				CLANG_ENABLE_OBJC_ARC = YES;
				CLANG_ENABLE_OBJC_WEAK = YES;
				CLANG_WARN_BLOCK_CAPTURE_AUTORELEASING = YES;
				CLANG_WARN_BOOL_CONVERSION = YES;
				CLANG_WARN_COMMA = YES;
				CLANG_WARN_CONSTANT_CONVERSION = YES;
				CLANG_WARN_DEPRECATED_OBJC_IMPLEMENTATIONS = YES;
				CLANG_WARN_DIRECT_OBJC_ISA_USAGE = YES_ERROR;
				CLANG_WARN_DOCUMENTATION_COMMENTS = YES;
				CLANG_WARN_EMPTY_BODY = YES;
				CLANG_WARN_ENUM_CONVERSION = YES;
				CLANG_WARN_INFINITE_RECURSION = YES;
				CLANG_WARN_INT_CONVERSION = YES;
				CLANG_WARN_NON_LITERAL_NULL_CONVERSION = YES;
				CLANG_WARN_OBJC_IMPLICIT_RETAIN_SELF = YES;
				CLANG_WARN_OBJC_LITERAL_CONVERSION = YES;
				CLANG_WARN_OBJC_ROOT_CLASS = YES_ERROR;
				CLANG_WARN_QUOTED_INCLUDE_IN_FRAMEWORK_HEADER = YES;
				CLANG_WARN_RANGE_LOOP_ANALYSIS = YES;
				CLANG_WARN_STRICT_PROTOTYPES = YES;
				CLANG_WARN_SUSPICIOUS_MOVE = YES;
				CLANG_WARN_UNGUARDED_AVAILABILITY = YES_AGGRESSIVE;
				CLANG_WARN_UNREACHABLE_CODE = YES;
				CLANG_WARN__DUPLICATE_METHOD_MATCH = YES;
				COPY_PHASE_STRIP = NO;
				DEBUG_INFORMATION_FORMAT = dwarf;
				ENABLE_STRICT_OBJC_MSGSEND = YES;
				ENABLE_TESTABILITY = YES;
				ENABLE_USER_SCRIPT_SANDBOXING = YES;
				GCC_C_LANGUAGE_STANDARD = gnu17;
				GCC_DYNAMIC_NO_PIC = NO;
				GCC_NO_COMMON_BLOCKS = YES;
				GCC_OPTIMIZATION_LEVEL = 0;
				GCC_PREPROCESSOR_DEFINITIONS = (
					"DEBUG=1",
					"$(inherited)",
				);
				GCC_WARN_64_TO_32_BIT_CONVERSION = YES;
				GCC_WARN_ABOUT_RETURN_TYPE = YES_ERROR;
				GCC_WARN_UNDECLARED_SELECTOR = YES;
				GCC_WARN_UNINITIALIZED_AUTOS = YES_AGGRESSIVE;
				GCC_WARN_UNUSED_FUNCTION = YES;
				GCC_WARN_UNUSED_VARIABLE = YES;
				LOCALIZATION_PREFERS_STRING_CATALOGS = YES;
				MACOSX_DEPLOYMENT_TARGET = 14.2;
				MTL_ENABLE_DEBUG_INFO = INCLUDE_SOURCE;
				MTL_FAST_MATH = YES;
				ONLY_ACTIVE_ARCH = YES;
				SDKROOT = macosx;
				SWIFT_ACTIVE_COMPILATION_CONDITIONS = "DEBUG $(inherited)";
				SWIFT_OPTIMIZATION_LEVEL = "-Onone";
			};
			name = Debug;
		};
		EDAB1C8D2F4E1C3D00E62C1C /* Release */ = {
			isa = XCBuildConfiguration;
			buildSettings = {
				ALWAYS_SEARCH_USER_PATHS = NO;
				ASSETCATALOG_COMPILER_GENERATE_SWIFT_ASSET_SYMBOL_EXTENSIONS = YES;
				CLANG_ANALYZER_NONNULL = YES;
				CLANG_ANALYZER_NUMBER_OBJECT_CONVERSION = YES_AGGRESSIVE;
				CLANG_CXX_LANGUAGE_STANDARD = "gnu++20";
				CLANG_ENABLE_MODULES = YES;
				CLANG_ENABLE_OBJC_ARC = YES;
				CLANG_ENABLE_OBJC_WEAK = YES;
				CLANG_WARN_BLOCK_CAPTURE_AUTORELEASING = YES;
				CLANG_WARN_BOOL_CONVERSION = YES;
				CLANG_WARN_COMMA = YES;
				CLANG_WARN_CONSTANT_CONVERSION = YES;
				CLANG_WARN_DEPRECATED_OBJC_IMPLEMENTATIONS = YES;
				CLANG_WARN_DIRECT_OBJC_ISA_USAGE = YES_ERROR;
				CLANG_WARN_DOCUMENTATION_COMMENTS = YES;
				CLANG_WARN_EMPTY_BODY = YES;
				CLANG_WARN_ENUM_CONVERSION = YES;
				CLANG_WARN_INFINITE_RECURSION = YES;
				CLANG_WARN_INT_CONVERSION = YES;
				CLANG_WARN_NON_LITERAL_NULL_CONVERSION = YES;
				CLANG_WARN_OBJC_IMPLICIT_RETAIN_SELF = YES;
				CLANG_WARN_OBJC_LITERAL_CONVERSION = YES;
				CLANG_WARN_OBJC_ROOT_CLASS = YES_ERROR;
				CLANG_WARN_QUOTED_INCLUDE_IN_FRAMEWORK_HEADER = YES;
				CLANG_WARN_RANGE_LOOP_ANALYSIS = YES;
				CLANG_WARN_STRICT_PROTOTYPES = YES;
				CLANG_WARN_SUSPICIOUS_MOVE = YES;
				CLANG_WARN_UNGUARDED_AVAILABILITY = YES_AGGRESSIVE;
				CLANG_WARN_UNREACHABLE_CODE = YES;
				CLANG_WARN__DUPLICATE_METHOD_MATCH = YES;
				COPY_PHASE_STRIP = NO;
				DEBUG_INFORMATION_FORMAT = "dwarf-with-dsym";
				ENABLE_NS_ASSERTIONS = NO;
				ENABLE_STRICT_OBJC_MSGSEND = YES;
				ENABLE_USER_SCRIPT_SANDBOXING = YES;
				GCC_C_LANGUAGE_STANDARD = gnu17;
				GCC_NO_COMMON_BLOCKS = YES;
				GCC_WARN_64_TO_32_BIT_CONVERSION = YES;
				GCC_WARN_ABOUT_RETURN_TYPE = YES_ERROR;
				GCC_WARN_UNDECLARED_SELECTOR = YES;
				GCC_WARN_UNINITIALIZED_AUTOS = YES_AGGRESSIVE;
				GCC_WARN_UNUSED_FUNCTION = YES;
				GCC_WARN_UNUSED_VARIABLE = YES;
				LOCALIZATION_PREFERS_STRING_CATALOGS = YES;
				MACOSX_DEPLOYMENT_TARGET = 14.2;
				MTL_ENABLE_DEBUG_INFO = NO;
				MTL_FAST_MATH = YES;
				SDKROOT = macosx;
				SWIFT_COMPILATION_MODE = wholemodule;
			};
			name = Release;
		};
		EDAB1C8F2F4E1C3D00E62C1C /* Debug */ = {
			isa = XCBuildConfiguration;
			buildSettings = {
				ARCHS = arm64;
				ASSETCATALOG_COMPILER_APPICON_NAME = AppIcon;
				ASSETCATALOG_COMPILER_GLOBAL_ACCENT_COLOR_NAME = AccentColor;
				CODE_SIGN_ENTITLEMENTS = MeetNotes/MeetNotes.entitlements;
				CODE_SIGN_STYLE = Automatic;
				COMBINE_HIDPI_IMAGES = YES;
				CURRENT_PROJECT_VERSION = 1;
				ENABLE_APP_SANDBOX = NO;
				ENABLE_HARDENED_RUNTIME = YES;
				ENABLE_PREVIEWS = YES;
				ENABLE_USER_SELECTED_FILES = readonly;
				GENERATE_INFOPLIST_FILE = YES;
				INFOPLIST_FILE = MeetNotes/Info.plist;
				INFOPLIST_KEY_LSUIElement = YES;
				INFOPLIST_KEY_NSHumanReadableCopyright = "";
				LD_RUNPATH_SEARCH_PATHS = (
					"$(inherited)",
					"@executable_path/../Frameworks",
				);
				MACOSX_DEPLOYMENT_TARGET = 14.2;
				MARKETING_VERSION = 0.1.0;
				PRODUCT_BUNDLE_IDENTIFIER = bumeran.dev.MeetNotes;
				PRODUCT_NAME = "$(TARGET_NAME)";
				REGISTER_APP_GROUPS = YES;
				STRING_CATALOG_GENERATE_SYMBOLS = YES;
				SWIFT_APPROACHABLE_CONCURRENCY = YES;
				SWIFT_DEFAULT_ACTOR_ISOLATION = MainActor;
				SWIFT_EMIT_LOC_STRINGS = YES;
				SWIFT_STRICT_CONCURRENCY = complete;
				SWIFT_UPCOMING_FEATURE_MEMBER_IMPORT_VISIBILITY = YES;
				SWIFT_VERSION = 6.0;
				VERSIONING_SYSTEM = "apple-generic";
			};
			name = Debug;
		};
		EDAB1C902F4E1C3D00E62C1C /* Release */ = {
			isa = XCBuildConfiguration;
			buildSettings = {
				ARCHS = arm64;
				ASSETCATALOG_COMPILER_APPICON_NAME = AppIcon;
				ASSETCATALOG_COMPILER_GLOBAL_ACCENT_COLOR_NAME = AccentColor;
				CODE_SIGN_ENTITLEMENTS = MeetNotes/MeetNotes.entitlements;
				CODE_SIGN_STYLE = Automatic;
				COMBINE_HIDPI_IMAGES = YES;
				CURRENT_PROJECT_VERSION = 1;
				ENABLE_APP_SANDBOX = NO;
				ENABLE_HARDENED_RUNTIME = YES;
				ENABLE_PREVIEWS = YES;
				ENABLE_USER_SELECTED_FILES = readonly;
				GENERATE_INFOPLIST_FILE = YES;
				INFOPLIST_FILE = MeetNotes/Info.plist;
				INFOPLIST_KEY_LSUIElement = YES;
				INFOPLIST_KEY_NSHumanReadableCopyright = "";
				LD_RUNPATH_SEARCH_PATHS = (
					"$(inherited)",
					"@executable_path/../Frameworks",
				);
				MACOSX_DEPLOYMENT_TARGET = 14.2;
				MARKETING_VERSION = 0.1.0;
				PRODUCT_BUNDLE_IDENTIFIER = bumeran.dev.MeetNotes;
				PRODUCT_NAME = "$(TARGET_NAME)";
				REGISTER_APP_GROUPS = YES;
				STRING_CATALOG_GENERATE_SYMBOLS = YES;
				SWIFT_APPROACHABLE_CONCURRENCY = YES;
				SWIFT_DEFAULT_ACTOR_ISOLATION = MainActor;
				SWIFT_EMIT_LOC_STRINGS = YES;
				SWIFT_STRICT_CONCURRENCY = complete;
				SWIFT_UPCOMING_FEATURE_MEMBER_IMPORT_VISIBILITY = YES;
				SWIFT_VERSION = 6.0;
				VERSIONING_SYSTEM = "apple-generic";
			};
			name = Release;
		};
/* End XCBuildConfiguration section */

/* Begin XCConfigurationList section */
		ED00AA0B2F4F000000CC000B /* Build configuration list for PBXNativeTarget "MeetNotesTests" */ = {
			isa = XCConfigurationList;
			buildConfigurations = (
				ED00AA092F4F000000CC0009 /* Debug */,
				ED00AA0A2F4F000000CC000A /* Release */,
			);
			defaultConfigurationIsVisible = 0;
			defaultConfigurationName = Release;
		};
		EDAB1C7E2F4E1C3B00E62C1C /* Build configuration list for PBXProject "MeetNotes" */ = {
			isa = XCConfigurationList;
			buildConfigurations = (
				EDAB1C8C2F4E1C3D00E62C1C /* Debug */,
				EDAB1C8D2F4E1C3D00E62C1C /* Release */,
			);
			defaultConfigurationIsVisible = 0;
			defaultConfigurationName = Release;
		};
		EDAB1C8E2F4E1C3D00E62C1C /* Build configuration list for PBXNativeTarget "MeetNotes" */ = {
			isa = XCConfigurationList;
			buildConfigurations = (
				EDAB1C8F2F4E1C3D00E62C1C /* Debug */,
				EDAB1C902F4E1C3D00E62C1C /* Release */,
			);
			defaultConfigurationIsVisible = 0;
			defaultConfigurationName = Release;
		};
/* End XCConfigurationList section */

/* Begin XCRemoteSwiftPackageReference section */
		ED0011012F4E300000BB0001 /* XCRemoteSwiftPackageReference "OllamaKit" */ = {
			isa = XCRemoteSwiftPackageReference;
			repositoryURL = "https://github.com/kevinhermawan/OllamaKit";
			requirement = {
				branch = main;
				kind = branch;
			};
		};
		ED2153AF2F4E26ED00CB69A0 /* XCRemoteSwiftPackageReference "SwiftLint" */ = {
			isa = XCRemoteSwiftPackageReference;
			repositoryURL = "https://github.com/realm/SwiftLint";
			requirement = {
				kind = upToNextMajorVersion;
				minimumVersion = 0.63.2;
			};
		};
		EDB5B6FF2F4E200700BB4D1B /* XCRemoteSwiftPackageReference "WhisperKit" */ = {
			isa = XCRemoteSwiftPackageReference;
			repositoryURL = "https://github.com/argmaxinc/WhisperKit";
			requirement = {
				branch = main;
				kind = branch;
			};
		};
		EDB5B7022F4E20DD00BB4D1B /* XCRemoteSwiftPackageReference "GRDB" */ = {
			isa = XCRemoteSwiftPackageReference;
			repositoryURL = "https://github.com/groue/GRDB.swift";
			requirement = {
				kind = upToNextMajorVersion;
				minimumVersion = 7.0.0;
			};
		};
		EDB5B70A2F4E21D300BB4D1B /* XCRemoteSwiftPackageReference "Sparkle" */ = {
			isa = XCRemoteSwiftPackageReference;
			repositoryURL = "https://github.com/sparkle-project/Sparkle";
			requirement = {
				kind = upToNextMajorVersion;
				minimumVersion = 2.9.0;
			};
		};
/* End XCRemoteSwiftPackageReference section */

/* Begin XCSwiftPackageProductDependency section */
		EDB5B7002F4E200700BB4D1B /* WhisperKit */ = {
			isa = XCSwiftPackageProductDependency;
			package = EDB5B6FF2F4E200700BB4D1B /* XCRemoteSwiftPackageReference "WhisperKit" */;
			productName = WhisperKit;
		};
		EDB5B7032F4E20DD00BB4D1B /* GRDB */ = {
			isa = XCSwiftPackageProductDependency;
			package = EDB5B7022F4E20DD00BB4D1B /* XCRemoteSwiftPackageReference "GRDB" */;
			productName = GRDB;
		};
		EDB5B70B2F4E21D300BB4D1B /* Sparkle */ = {
			isa = XCSwiftPackageProductDependency;
			package = EDB5B70A2F4E21D300BB4D1B /* XCRemoteSwiftPackageReference "Sparkle" */;
			productName = Sparkle;
		};
/* End XCSwiftPackageProductDependency section */
	};
	rootObject = EDAB1C7B2F4E1C3B00E62C1C /* Project object */;
}
